
Microsoft Visual Studio Solution File, Format Version 12.00
# Visual Studio Version 16
VisualStudioVersion = 16.0.29411.108
MinimumVisualStudioVersion = 10.0.40219.1
Project("{FAE04EC0-301F-11D3-BF4B-00C04F79EFBC}") = "01_01_Sql", "01_01_Sql\01_01_Sql.csproj", "{998BFCFF-7573-40AC-B3E6-FC64AC0FA2D4}"
EndProject
Global
	GlobalSection(SolutionConfigurationPlatforms) = preSolution
		Debug|Any CPU = Debug|Any CPU
		Release|Any CPU = Release|Any CPU
	EndGlobalSection
	GlobalSection(ProjectConfigurationPlatforms) = postSolution
		{998BFCFF-7573-40AC-B3E6-FC64AC0FA2D4}.Debug|Any CPU.ActiveCfg = Debug|Any CPU
		{998BFCFF-7573-40AC-B3E6-FC64AC0FA2D4}.Debug|Any CPU.Build.0 = Debug|Any CPU
		{998BFCFF-7573-40AC-B3E6-FC64AC0FA2D4}.Release|Any CPU.ActiveCfg = Release|Any CPU
		{998BFCFF-7573-40AC-B3E6-FC64AC0FA2D4}.Release|Any CPU.Build.0 = Release|Any CPU
	EndGlobalSection
	GlobalSection(SolutionProperties) = preSolution
		HideSolutionNode = FALSE
	EndGlobalSection
	GlobalSection(ExtensibilityGlobals) = postSolution
		SolutionGuid = {AA6C876D-22B7-4BC0-9826-4AC134CA4179}
	EndGlobalSection
EndGlobal
