
Microsoft Visual Studio Solution File, Format Version 12.00
# Visual Studio Version 16
VisualStudioVersion = 16.0.29411.108
MinimumVisualStudioVersion = 10.0.40219.1
Project("{FAE04EC0-301F-11D3-BF4B-00C04F79EFBC}") = "01_12_EsercizioStoredProcedure", "01_12_EsercizioStoredProcedure\01_12_EsercizioStoredProcedure.csproj", "{93C0C44E-F5ED-4617-8ABD-E34835C034DC}"
EndProject
Global
	GlobalSection(SolutionConfigurationPlatforms) = preSolution
		Debug|Any CPU = Debug|Any CPU
		Release|Any CPU = Release|Any CPU
	EndGlobalSection
	GlobalSection(ProjectConfigurationPlatforms) = postSolution
		{93C0C44E-F5ED-4617-8ABD-E34835C034DC}.Debug|Any CPU.ActiveCfg = Debug|Any CPU
		{93C0C44E-F5ED-4617-8ABD-E34835C034DC}.Debug|Any CPU.Build.0 = Debug|Any CPU
		{93C0C44E-F5ED-4617-8ABD-E34835C034DC}.Release|Any CPU.ActiveCfg = Release|Any CPU
		{93C0C44E-F5ED-4617-8ABD-E34835C034DC}.Release|Any CPU.Build.0 = Release|Any CPU
	EndGlobalSection
	GlobalSection(SolutionProperties) = preSolution
		HideSolutionNode = FALSE
	EndGlobalSection
	GlobalSection(ExtensibilityGlobals) = postSolution
		SolutionGuid = {6082BA46-AF70-432B-B26E-0ECA1C52CAC1}
	EndGlobalSection
EndGlobal
