
Microsoft Visual Studio Solution File, Format Version 12.00
# Visual Studio Version 16
VisualStudioVersion = 16.0.31702.278
MinimumVisualStudioVersion = 10.0.40219.1
Project("{FAE04EC0-301F-11D3-BF4B-00C04F79EFBC}") = "01_03_Cinema", "01_03_Cinema\01_03_Cinema.csproj", "{EAFB8E66-1412-4EFE-ACBE-CA10BAE970A6}"
EndProject
Global
	GlobalSection(SolutionConfigurationPlatforms) = preSolution
		Debug|Any CPU = Debug|Any CPU
		Release|Any CPU = Release|Any CPU
	EndGlobalSection
	GlobalSection(ProjectConfigurationPlatforms) = postSolution
		{EAFB8E66-1412-4EFE-ACBE-CA10BAE970A6}.Debug|Any CPU.ActiveCfg = Debug|Any CPU
		{EAFB8E66-1412-4EFE-ACBE-CA10BAE970A6}.Debug|Any CPU.Build.0 = Debug|Any CPU
		{EAFB8E66-1412-4EFE-ACBE-CA10BAE970A6}.Release|Any CPU.ActiveCfg = Release|Any CPU
		{EAFB8E66-1412-4EFE-ACBE-CA10BAE970A6}.Release|Any CPU.Build.0 = Release|Any CPU
	EndGlobalSection
	GlobalSection(SolutionProperties) = preSolution
		HideSolutionNode = FALSE
	EndGlobalSection
	GlobalSection(ExtensibilityGlobals) = postSolution
		SolutionGuid = {17825C8F-FF84-4B1D-9DA0-7F128797B6AF}
	EndGlobalSection
EndGlobal
